# THIS IS AN AUTOGENERATED FILE. DO NOT EDIT THIS FILE DIRECTLY.
# yarn lockfile v1


emoji-picker-element@^1.26.1:
  version "1.26.1"
  resolved "https://registry.yarnpkg.com/emoji-picker-element/-/emoji-picker-element-1.26.1.tgz#c7a21165a188e542b4b22f8436139c2fb8420c1a"
  integrity sha512-XgQ9s2JdmworiqLfJC7eGbzQHGv8yb8U9XofjeRAnOMYaeLh0MfwVAz9oG1YE2U2WnzU0Pys1axMjYtPKJ7YSg==
